// !$*UTF8*$!
{
	archiveVersion = 1;
	classes = {
	};
	objectVersion = 48;
	objects = {

/* Begin PBXBuildFile section */
		E960A0D0200ACF9500983ED1 /* AppDelegate.swift in Sources */ = {isa = PBXBuildFile; fileRef = E960A0CF200ACF9500983ED1 /* AppDelegate.swift */; };
		E960A0D2200ACF9500983ED1 /* ViewController.swift in Sources */ = {isa = PBXBuildFile; fileRef = E960A0D1200ACF9500983ED1 /* ViewController.swift */; };
		E960A0D5200ACF9500983ED1 /* Main.storyboard in Resources */ = {isa = PBXBuildFile; fileRef = E960A0D3200ACF9500983ED1 /* Main.storyboard */; };
		E960A0DA200ACF9500983ED1 /* LaunchScreen.storyboard in Resources */ = {isa = PBXBuildFile; fileRef = E960A0D8200ACF9500983ED1 /* LaunchScreen.storyboard */; };
		E960A0E5200ACF9600983ED1 /* Dual_DialexTests.swift in Sources */ = {isa = PBXBuildFile; fileRef = E960A0E4200ACF9600983ED1 /* Dual_DialexTests.swift */; };
		E960A0F0200ACF9600983ED1 /* Dual_DialexUITests.swift in Sources */ = {isa = PBXBuildFile; fileRef = E960A0EF200ACF9600983ED1 /* Dual_DialexUITests.swift */; };
		E960A0FE200ADD0800983ED1 /* Assets.xcassets in Resources */ = {isa = PBXBuildFile; fileRef = E960A0FD200ADD0800983ED1 /* Assets.xcassets */; };
		E960A102200AEBF900983ED1 /* Albums.swift in Sources */ = {isa = PBXBuildFile; fileRef = E960A101200AEBF800983ED1 /* Albums.swift */; };
		E960A10F200AF84E00983ED1 /* Don't Believe the Hype.mp3 in Resources */ = {isa = PBXBuildFile; fileRef = E960A105200AF84C00983ED1 /* Don't Believe the Hype.mp3 */; };
		E960A110200AF84E00983ED1 /* Did I Win?.mp3 in Resources */ = {isa = PBXBuildFile; fileRef = E960A106200AF84C00983ED1 /* Did I Win?.mp3 */; };
		E960A111200AF84E00983ED1 /* Check Me Out (Feat. Jack Feder).mp3 in Resources */ = {isa = PBXBuildFile; fileRef = E960A107200AF84C00983ED1 /* Check Me Out (Feat. Jack Feder).mp3 */; };
		E960A112200AF84E00983ED1 /* Close to you (Feat. Jack Feder).mp3 in Resources */ = {isa = PBXBuildFile; fileRef = E960A108200AF84D00983ED1 /* Close to you (Feat. Jack Feder).mp3 */; };
		E960A113200AF84E00983ED1 /* Limelight (Feat. Lil Xay).mp3 in Resources */ = {isa = PBXBuildFile; fileRef = E960A109200AF84D00983ED1 /* Limelight (Feat. Lil Xay).mp3 */; };
		E960A114200AF84E00983ED1 /* Sketches.mp3 in Resources */ = {isa = PBXBuildFile; fileRef = E960A10A200AF84D00983ED1 /* Sketches.mp3 */; };
		E960A115200AF84E00983ED1 /* Still.mp3 in Resources */ = {isa = PBXBuildFile; fileRef = E960A10B200AF84D00983ED1 /* Still.mp3 */; };
		E960A116200AF84E00983ED1 /* The Jam.mp3 in Resources */ = {isa = PBXBuildFile; fileRef = E960A10C200AF84D00983ED1 /* The Jam.mp3 */; };
		E960A117200AF84E00983ED1 /* Limitless.mp3 in Resources */ = {isa = PBXBuildFile; fileRef = E960A10D200AF84D00983ED1 /* Limitless.mp3 */; };
		E960A118200AF84E00983ED1 /* Headspace.mp3 in Resources */ = {isa = PBXBuildFile; fileRef = E960A10E200AF84D00983ED1 /* Headspace.mp3 */; };
		E98913BB200C477E00C68F32 /* HeadNod.swift in Sources */ = {isa = PBXBuildFile; fileRef = E98913BA200C477E00C68F32 /* HeadNod.swift */; };
		E98913BD200C48A200C68F32 /* TheIntrinsicHeadNod.swift in Sources */ = {isa = PBXBuildFile; fileRef = E98913BC200C48A200C68F32 /* TheIntrinsicHeadNod.swift */; };
/* End PBXBuildFile section */

/* Begin PBXContainerItemProxy section */
		E960A0E1200ACF9500983ED1 /* PBXContainerItemProxy */ = {
			isa = PBXContainerItemProxy;
			containerPortal = E960A0C4200ACF9500983ED1 /* Project object */;
			proxyType = 1;
			remoteGlobalIDString = E960A0CB200ACF9500983ED1;
			remoteInfo = "Dual Dialex";
		};
		E960A0EC200ACF9600983ED1 /* PBXContainerItemProxy */ = {
			isa = PBXContainerItemProxy;
			containerPortal = E960A0C4200ACF9500983ED1 /* Project object */;
			proxyType = 1;
			remoteGlobalIDString = E960A0CB200ACF9500983ED1;
			remoteInfo = "Dual Dialex";
		};
/* End PBXContainerItemProxy section */

/* Begin PBXFileReference section */
		E960A0CC200ACF9500983ED1 /* Dual Dialex.app */ = {isa = PBXFileReference; explicitFileType = wrapper.application; includeInIndex = 0; path = "Dual Dialex.app"; sourceTree = BUILT_PRODUCTS_DIR; };
		E960A0CF200ACF9500983ED1 /* AppDelegate.swift */ = {isa = PBXFileReference; lastKnownFileType = sourcecode.swift; path = AppDelegate.swift; sourceTree = "<group>"; };
		E960A0D1200ACF9500983ED1 /* ViewController.swift */ = {isa = PBXFileReference; lastKnownFileType = sourcecode.swift; path = ViewController.swift; sourceTree = "<group>"; };
		E960A0D4200ACF9500983ED1 /* Base */ = {isa = PBXFileReference; lastKnownFileType = file.storyboard; name = Base; path = Base.lproj/Main.storyboard; sourceTree = "<group>"; };
		E960A0D9200ACF9500983ED1 /* Base */ = {isa = PBXFileReference; lastKnownFileType = file.storyboard; name = Base; path = Base.lproj/LaunchScreen.storyboard; sourceTree = "<group>"; };
		E960A0DB200ACF9500983ED1 /* Info.plist */ = {isa = PBXFileReference; lastKnownFileType = text.plist.xml; path = Info.plist; sourceTree = "<group>"; };
		E960A0E0200ACF9500983ED1 /* Dual DialexTests.xctest */ = {isa = PBXFileReference; explicitFileType = wrapper.cfbundle; includeInIndex = 0; path = "Dual DialexTests.xctest"; sourceTree = BUILT_PRODUCTS_DIR; };
		E960A0E4200ACF9600983ED1 /* Dual_DialexTests.swift */ = {isa = PBXFileReference; lastKnownFileType = sourcecode.swift; path = Dual_DialexTests.swift; sourceTree = "<group>"; };
		E960A0E6200ACF9600983ED1 /* Info.plist */ = {isa = PBXFileReference; lastKnownFileType = text.plist.xml; path = Info.plist; sourceTree = "<group>"; };
		E960A0EB200ACF9600983ED1 /* Dual DialexUITests.xctest */ = {isa = PBXFileReference; explicitFileType = wrapper.cfbundle; includeInIndex = 0; path = "Dual DialexUITests.xctest"; sourceTree = BUILT_PRODUCTS_DIR; };
		E960A0EF200ACF9600983ED1 /* Dual_DialexUITests.swift */ = {isa = PBXFileReference; lastKnownFileType = sourcecode.swift; path = Dual_DialexUITests.swift; sourceTree = "<group>"; };
		E960A0F1200ACF9600983ED1 /* Info.plist */ = {isa = PBXFileReference; lastKnownFileType = text.plist.xml; path = Info.plist; sourceTree = "<group>"; };
		E960A0FD200ADD0800983ED1 /* Assets.xcassets */ = {isa = PBXFileReference; lastKnownFileType = folder.assetcatalog; path = Assets.xcassets; sourceTree = "<group>"; };
		E960A101200AEBF800983ED1 /* Albums.swift */ = {isa = PBXFileReference; lastKnownFileType = sourcecode.swift; name = Albums.swift; path = ../Albums.swift; sourceTree = "<group>"; };
		E960A105200AF84C00983ED1 /* Don't Believe the Hype.mp3 */ = {isa = PBXFileReference; lastKnownFileType = audio.mp3; name = "Don't Believe the Hype.mp3"; path = "Dual Dialex/The Intrinsic Head Nod/Don't Believe the Hype.mp3"; sourceTree = SOURCE_ROOT; };
		E960A106200AF84C00983ED1 /* Did I Win?.mp3 */ = {isa = PBXFileReference; lastKnownFileType = audio.mp3; name = "Did I Win?.mp3"; path = "Dual Dialex/The Intrinsic Head Nod/Did I Win?.mp3"; sourceTree = SOURCE_ROOT; };
		E960A107200AF84C00983ED1 /* Check Me Out (Feat. Jack Feder).mp3 */ = {isa = PBXFileReference; lastKnownFileType = audio.mp3; name = "Check Me Out (Feat. Jack Feder).mp3"; path = "Dual Dialex/The Intrinsic Head Nod/Check Me Out (Feat. Jack Feder).mp3"; sourceTree = SOURCE_ROOT; };
		E960A108200AF84D00983ED1 /* Close to you (Feat. Jack Feder).mp3 */ = {isa = PBXFileReference; lastKnownFileType = audio.mp3; name = "Close to you (Feat. Jack Feder).mp3"; path = "Dual Dialex/The Intrinsic Head Nod/Close to you (Feat. Jack Feder).mp3"; sourceTree = SOURCE_ROOT; };
		E960A109200AF84D00983ED1 /* Limelight (Feat. Lil Xay).mp3 */ = {isa = PBXFileReference; lastKnownFileType = audio.mp3; name = "Limelight (Feat. Lil Xay).mp3"; path = "Dual Dialex/The Intrinsic Head Nod/Limelight (Feat. Lil Xay).mp3"; sourceTree = SOURCE_ROOT; };
		E960A10A200AF84D00983ED1 /* Sketches.mp3 */ = {isa = PBXFileReference; lastKnownFileType = audio.mp3; name = Sketches.mp3; path = "Dual Dialex/The Intrinsic Head Nod/Sketches.mp3"; sourceTree = SOURCE_ROOT; };
		E960A10B200AF84D00983ED1 /* Still.mp3 */ = {isa = PBXFileReference; lastKnownFileType = audio.mp3; name = Still.mp3; path = "Dual Dialex/The Intrinsic Head Nod/Still.mp3"; sourceTree = SOURCE_ROOT; };
		E960A10C200AF84D00983ED1 /* The Jam.mp3 */ = {isa = PBXFileReference; lastKnownFileType = audio.mp3; name = "The Jam.mp3"; path = "Dual Dialex/The Intrinsic Head Nod/The Jam.mp3"; sourceTree = SOURCE_ROOT; };
		E960A10D200AF84D00983ED1 /* Limitless.mp3 */ = {isa = PBXFileReference; lastKnownFileType = audio.mp3; name = Limitless.mp3; path = "Dual Dialex/The Intrinsic Head Nod/Limitless.mp3"; sourceTree = SOURCE_ROOT; };
		E960A10E200AF84D00983ED1 /* Headspace.mp3 */ = {isa = PBXFileReference; lastKnownFileType = audio.mp3; name = Headspace.mp3; path = "Dual Dialex/The Intrinsic Head Nod/Headspace.mp3"; sourceTree = SOURCE_ROOT; };
		E98913BA200C477E00C68F32 /* HeadNod.swift */ = {isa = PBXFileReference; lastKnownFileType = sourcecode.swift; path = HeadNod.swift; sourceTree = "<group>"; };
		E98913BC200C48A200C68F32 /* TheIntrinsicHeadNod.swift */ = {isa = PBXFileReference; lastKnownFileType = sourcecode.swift; path = TheIntrinsicHeadNod.swift; sourceTree = "<group>"; };
/* End PBXFileReference section */

/* Begin PBXFrameworksBuildPhase section */
		E960A0C9200ACF9500983ED1 /* Frameworks */ = {
			isa = PBXFrameworksBuildPhase;
			buildActionMask = 2147483647;
			files = (
			);
			runOnlyForDeploymentPostprocessing = 0;
		};
		E960A0DD200ACF9500983ED1 /* Frameworks */ = {
			isa = PBXFrameworksBuildPhase;
			buildActionMask = 2147483647;
			files = (
			);
			runOnlyForDeploymentPostprocessing = 0;
		};
		E960A0E8200ACF9600983ED1 /* Frameworks */ = {
			isa = PBXFrameworksBuildPhase;
			buildActionMask = 2147483647;
			files = (
			);
			runOnlyForDeploymentPostprocessing = 0;
		};
/* End PBXFrameworksBuildPhase section */

/* Begin PBXGroup section */
		E960A0C3200ACF9500983ED1 = {
			isa = PBXGroup;
			children = (
				E960A0CE200ACF9500983ED1 /* Dual Dialex */,
				E960A0E3200ACF9500983ED1 /* Dual DialexTests */,
				E960A0EE200ACF9600983ED1 /* Dual DialexUITests */,
				E960A0CD200ACF9500983ED1 /* Products */,
			);
			sourceTree = "<group>";
		};
		E960A0CD200ACF9500983ED1 /* Products */ = {
			isa = PBXGroup;
			children = (
				E960A0CC200ACF9500983ED1 /* Dual Dialex.app */,
				E960A0E0200ACF9500983ED1 /* Dual DialexTests.xctest */,
				E960A0EB200ACF9600983ED1 /* Dual DialexUITests.xctest */,
			);
			name = Products;
			sourceTree = "<group>";
		};
		E960A0CE200ACF9500983ED1 /* Dual Dialex */ = {
			isa = PBXGroup;
			children = (
				E960A11A200AF8A700983ED1 /* The Intrinsic Head Nod */,
				E960A0CF200ACF9500983ED1 /* AppDelegate.swift */,
				E960A0D1200ACF9500983ED1 /* ViewController.swift */,
				E960A101200AEBF800983ED1 /* Albums.swift */,
				E98913BA200C477E00C68F32 /* HeadNod.swift */,
				E960A0D3200ACF9500983ED1 /* Main.storyboard */,
				E98913BC200C48A200C68F32 /* TheIntrinsicHeadNod.swift */,
				E960A0D8200ACF9500983ED1 /* LaunchScreen.storyboard */,
				E960A0DB200ACF9500983ED1 /* Info.plist */,
				E960A0FD200ADD0800983ED1 /* Assets.xcassets */,
			);
			path = "Dual Dialex";
			sourceTree = "<group>";
		};
		E960A0E3200ACF9500983ED1 /* Dual DialexTests */ = {
			isa = PBXGroup;
			children = (
				E960A0E4200ACF9600983ED1 /* Dual_DialexTests.swift */,
				E960A0E6200ACF9600983ED1 /* Info.plist */,
			);
			path = "Dual DialexTests";
			sourceTree = "<group>";
		};
		E960A0EE200ACF9600983ED1 /* Dual DialexUITests */ = {
			isa = PBXGroup;
			children = (
				E960A0EF200ACF9600983ED1 /* Dual_DialexUITests.swift */,
				E960A0F1200ACF9600983ED1 /* Info.plist */,
			);
			path = "Dual DialexUITests";
			sourceTree = "<group>";
		};
		E960A11A200AF8A700983ED1 /* The Intrinsic Head Nod */ = {
			isa = PBXGroup;
			children = (
				E960A10C200AF84D00983ED1 /* The Jam.mp3 */,
				E960A10B200AF84D00983ED1 /* Still.mp3 */,
				E960A106200AF84C00983ED1 /* Did I Win?.mp3 */,
				E960A105200AF84C00983ED1 /* Don't Believe the Hype.mp3 */,
				E960A10E200AF84D00983ED1 /* Headspace.mp3 */,
				E960A109200AF84D00983ED1 /* Limelight (Feat. Lil Xay).mp3 */,
				E960A10D200AF84D00983ED1 /* Limitless.mp3 */,
				E960A107200AF84C00983ED1 /* Check Me Out (Feat. Jack Feder).mp3 */,
				E960A108200AF84D00983ED1 /* Close to you (Feat. Jack Feder).mp3 */,
				E960A10A200AF84D00983ED1 /* Sketches.mp3 */,
			);
			path = "The Intrinsic Head Nod";
			sourceTree = "<group>";
		};
/* End PBXGroup section */

/* Begin PBXNativeTarget section */
		E960A0CB200ACF9500983ED1 /* Dual Dialex */ = {
			isa = PBXNativeTarget;
			buildConfigurationList = E960A0F4200ACF9600983ED1 /* Build configuration list for PBXNativeTarget "Dual Dialex" */;
			buildPhases = (
				E960A0C8200ACF9500983ED1 /* Sources */,
				E960A0C9200ACF9500983ED1 /* Frameworks */,
				E960A0CA200ACF9500983ED1 /* Resources */,
			);
			buildRules = (
			);
			dependencies = (
			);
			name = "Dual Dialex";
			productName = "Dual Dialex";
			productReference = E960A0CC200ACF9500983ED1 /* Dual Dialex.app */;
			productType = "com.apple.product-type.application";
		};
		E960A0DF200ACF9500983ED1 /* Dual DialexTests */ = {
			isa = PBXNativeTarget;
			buildConfigurationList = E960A0F7200ACF9600983ED1 /* Build configuration list for PBXNativeTarget "Dual DialexTests" */;
			buildPhases = (
				E960A0DC200ACF9500983ED1 /* Sources */,
				E960A0DD200ACF9500983ED1 /* Frameworks */,
				E960A0DE200ACF9500983ED1 /* Resources */,
			);
			buildRules = (
			);
			dependencies = (
				E960A0E2200ACF9500983ED1 /* PBXTargetDependency */,
			);
			name = "Dual DialexTests";
			productName = "Dual DialexTests";
			productReference = E960A0E0200ACF9500983ED1 /* Dual DialexTests.xctest */;
			productType = "com.apple.product-type.bundle.unit-test";
		};
		E960A0EA200ACF9600983ED1 /* Dual DialexUITests */ = {
			isa = PBXNativeTarget;
			buildConfigurationList = E960A0FA200ACF9600983ED1 /* Build configuration list for PBXNativeTarget "Dual DialexUITests" */;
			buildPhases = (
				E960A0E7200ACF9600983ED1 /* Sources */,
				E960A0E8200ACF9600983ED1 /* Frameworks */,
				E960A0E9200ACF9600983ED1 /* Resources */,
			);
			buildRules = (
			);
			dependencies = (
				E960A0ED200ACF9600983ED1 /* PBXTargetDependency */,
			);
			name = "Dual DialexUITests";
			productName = "Dual DialexUITests";
			productReference = E960A0EB200ACF9600983ED1 /* Dual DialexUITests.xctest */;
			productType = "com.apple.product-type.bundle.ui-testing";
		};
/* End PBXNativeTarget section */

/* Begin PBXProject section */
		E960A0C4200ACF9500983ED1 /* Project object */ = {
			isa = PBXProject;
			attributes = {
				LastSwiftUpdateCheck = 0920;
				LastUpgradeCheck = 0920;
				ORGANIZATIONNAME = "Hunter Nuss";
				TargetAttributes = {
					E960A0CB200ACF9500983ED1 = {
						CreatedOnToolsVersion = 9.2;
						ProvisioningStyle = Automatic;
					};
					E960A0DF200ACF9500983ED1 = {
						CreatedOnToolsVersion = 9.2;
						ProvisioningStyle = Automatic;
						TestTargetID = E960A0CB200ACF9500983ED1;
					};
					E960A0EA200ACF9600983ED1 = {
						CreatedOnToolsVersion = 9.2;
						ProvisioningStyle = Automatic;
						TestTargetID = E960A0CB200ACF9500983ED1;
					};
				};
			};
			buildConfigurationList = E960A0C7200ACF9500983ED1 /* Build configuration list for PBXProject "Dual Dialex" */;
			compatibilityVersion = "Xcode 8.0";
			developmentRegion = en;
			hasScannedForEncodings = 0;
			knownRegions = (
				en,
				Base,
			);
			mainGroup = E960A0C3200ACF9500983ED1;
			productRefGroup = E960A0CD200ACF9500983ED1 /* Products */;
			projectDirPath = "";
			projectRoot = "";
			targets = (
				E960A0CB200ACF9500983ED1 /* Dual Dialex */,
				E960A0DF200ACF9500983ED1 /* Dual DialexTests */,
				E960A0EA200ACF9600983ED1 /* Dual DialexUITests */,
			);
		};
/* End PBXProject section */

/* Begin PBXResourcesBuildPhase section */
		E960A0CA200ACF9500983ED1 /* Resources */ = {
			isa = PBXResourcesBuildPhase;
			buildActionMask = 2147483647;
			files = (
				E960A0DA200ACF9500983ED1 /* LaunchScreen.storyboard in Resources */,
				E960A118200AF84E00983ED1 /* Headspace.mp3 in Resources */,
				E960A111200AF84E00983ED1 /* Check Me Out (Feat. Jack Feder).mp3 in Resources */,
				E960A112200AF84E00983ED1 /* Close to you (Feat. Jack Feder).mp3 in Resources */,
				E960A0FE200ADD0800983ED1 /* Assets.xcassets in Resources */,
				E960A116200AF84E00983ED1 /* The Jam.mp3 in Resources */,
				E960A113200AF84E00983ED1 /* Limelight (Feat. Lil Xay).mp3 in Resources */,
				E960A115200AF84E00983ED1 /* Still.mp3 in Resources */,
				E960A110200AF84E00983ED1 /* Did I Win?.mp3 in Resources */,
				E960A0D5200ACF9500983ED1 /* Main.storyboard in Resources */,
				E960A117200AF84E00983ED1 /* Limitless.mp3 in Resources */,
				E960A114200AF84E00983ED1 /* Sketches.mp3 in Resources */,
				E960A10F200AF84E00983ED1 /* Don't Believe the Hype.mp3 in Resources */,
			);
			runOnlyForDeploymentPostprocessing = 0;
		};
		E960A0DE200ACF9500983ED1 /* Resources */ = {
			isa = PBXResourcesBuildPhase;
			buildActionMask = 2147483647;
			files = (
			);
			runOnlyForDeploymentPostprocessing = 0;
		};
		E960A0E9200ACF9600983ED1 /* Resources */ = {
			isa = PBXResourcesBuildPhase;
			buildActionMask = 2147483647;
			files = (
			);
			runOnlyForDeploymentPostprocessing = 0;
		};
/* End PBXResourcesBuildPhase section */

/* Begin PBXSourcesBuildPhase section */
		E960A0C8200ACF9500983ED1 /* Sources */ = {
			isa = PBXSourcesBuildPhase;
			buildActionMask = 2147483647;
			files = (
				E960A102200AEBF900983ED1 /* Albums.swift in Sources */,
				E98913BD200C48A200C68F32 /* TheIntrinsicHeadNod.swift in Sources */,
				E960A0D2200ACF9500983ED1 /* ViewController.swift in Sources */,
				E960A0D0200ACF9500983ED1 /* AppDelegate.swift in Sources */,
				E98913BB200C477E00C68F32 /* HeadNod.swift in Sources */,
			);
			runOnlyForDeploymentPostprocessing = 0;
		};
		E960A0DC200ACF9500983ED1 /* Sources */ = {
			isa = PBXSourcesBuildPhase;
			buildActionMask = 2147483647;
			files = (
				E960A0E5200ACF9600983ED1 /* Dual_DialexTests.swift in Sources */,
			);
			runOnlyForDeploymentPostprocessing = 0;
		};
		E960A0E7200ACF9600983ED1 /* Sources */ = {
			isa = PBXSourcesBuildPhase;
			buildActionMask = 2147483647;
			files = (
				E960A0F0200ACF9600983ED1 /* Dual_DialexUITests.swift in Sources */,
			);
			runOnlyForDeploymentPostprocessing = 0;
		};
/* End PBXSourcesBuildPhase section */

/* Begin PBXTargetDependency section */
		E960A0E2200ACF9500983ED1 /* PBXTargetDependency */ = {
			isa = PBXTargetDependency;
			target = E960A0CB200ACF9500983ED1 /* Dual Dialex */;
			targetProxy = E960A0E1200ACF9500983ED1 /* PBXContainerItemProxy */;
		};
		E960A0ED200ACF9600983ED1 /* PBXTargetDependency */ = {
			isa = PBXTargetDependency;
			target = E960A0CB200ACF9500983ED1 /* Dual Dialex */;
			targetProxy = E960A0EC200ACF9600983ED1 /* PBXContainerItemProxy */;
		};
/* End PBXTargetDependency section */

/* Begin PBXVariantGroup section */
		E960A0D3200ACF9500983ED1 /* Main.storyboard */ = {
			isa = PBXVariantGroup;
			children = (
				E960A0D4200ACF9500983ED1 /* Base */,
			);
			name = Main.storyboard;
			sourceTree = "<group>";
		};
		E960A0D8200ACF9500983ED1 /* LaunchScreen.storyboard */ = {
			isa = PBXVariantGroup;
			children = (
				E960A0D9200ACF9500983ED1 /* Base */,
			);
			name = LaunchScreen.storyboard;
			sourceTree = "<group>";
		};
/* End PBXVariantGroup section */

/* Begin XCBuildConfiguration section */
		E960A0F2200ACF9600983ED1 /* Debug */ = {
			isa = XCBuildConfiguration;
			buildSettings = {
				ALWAYS_SEARCH_USER_PATHS = NO;
				CLANG_ANALYZER_NONNULL = YES;
				CLANG_ANALYZER_NUMBER_OBJECT_CONVERSION = YES_AGGRESSIVE;
				CLANG_CXX_LANGUAGE_STANDARD = "gnu++14";
				CLANG_CXX_LIBRARY = "libc++";
				CLANG_ENABLE_MODULES = YES;
				CLANG_ENABLE_OBJC_ARC = YES;
				CLANG_WARN_BLOCK_CAPTURE_AUTORELEASING = YES;
				CLANG_WARN_BOOL_CONVERSION = YES;
				CLANG_WARN_COMMA = YES;
				CLANG_WARN_CONSTANT_CONVERSION = YES;
				CLANG_WARN_DIRECT_OBJC_ISA_USAGE = YES_ERROR;
				CLANG_WARN_DOCUMENTATION_COMMENTS = YES;
				CLANG_WARN_EMPTY_BODY = YES;
				CLANG_WARN_ENUM_CONVERSION = YES;
				CLANG_WARN_INFINITE_RECURSION = YES;
				CLANG_WARN_INT_CONVERSION = YES;
				CLANG_WARN_NON_LITERAL_NULL_CONVERSION = YES;
				CLANG_WARN_OBJC_LITERAL_CONVERSION = YES;
				CLANG_WARN_OBJC_ROOT_CLASS = YES_ERROR;
				CLANG_WARN_RANGE_LOOP_ANALYSIS = YES;
				CLANG_WARN_STRICT_PROTOTYPES = YES;
				CLANG_WARN_SUSPICIOUS_MOVE = YES;
				CLANG_WARN_UNGUARDED_AVAILABILITY = YES_AGGRESSIVE;
				CLANG_WARN_UNREACHABLE_CODE = YES;
				CLANG_WARN__DUPLICATE_METHOD_MATCH = YES;
				CODE_SIGN_IDENTITY = "iPhone Developer";
				COPY_PHASE_STRIP = NO;
				DEBUG_INFORMATION_FORMAT = dwarf;
				ENABLE_STRICT_OBJC_MSGSEND = YES;
				ENABLE_TESTABILITY = YES;
				GCC_C_LANGUAGE_STANDARD = gnu11;
				GCC_DYNAMIC_NO_PIC = NO;
				GCC_NO_COMMON_BLOCKS = YES;
				GCC_OPTIMIZATION_LEVEL = 0;
				GCC_PREPROCESSOR_DEFINITIONS = (
					"DEBUG=1",
					"$(inherited)",
				);
				GCC_WARN_64_TO_32_BIT_CONVERSION = YES;
				GCC_WARN_ABOUT_RETURN_TYPE = YES_ERROR;
				GCC_WARN_UNDECLARED_SELECTOR = YES;
				GCC_WARN_UNINITIALIZED_AUTOS = YES_AGGRESSIVE;
				GCC_WARN_UNUSED_FUNCTION = YES;
				GCC_WARN_UNUSED_VARIABLE = YES;
				IPHONEOS_DEPLOYMENT_TARGET = 11.2;
				MTL_ENABLE_DEBUG_INFO = YES;
				ONLY_ACTIVE_ARCH = YES;
				SDKROOT = iphoneos;
				SWIFT_ACTIVE_COMPILATION_CONDITIONS = DEBUG;
				SWIFT_OPTIMIZATION_LEVEL = "-Onone";
			};
			name = Debug;
		};
		E960A0F3200ACF9600983ED1 /* Release */ = {
			isa = XCBuildConfiguration;
			buildSettings = {
				ALWAYS_SEARCH_USER_PATHS = NO;
				CLANG_ANALYZER_NONNULL = YES;
				CLANG_ANALYZER_NUMBER_OBJECT_CONVERSION = YES_AGGRESSIVE;
				CLANG_CXX_LANGUAGE_STANDARD = "gnu++14";
				CLANG_CXX_LIBRARY = "libc++";
				CLANG_ENABLE_MODULES = YES;
				CLANG_ENABLE_OBJC_ARC = YES;
				CLANG_WARN_BLOCK_CAPTURE_AUTORELEASING = YES;
				CLANG_WARN_BOOL_CONVERSION = YES;
				CLANG_WARN_COMMA = YES;
				CLANG_WARN_CONSTANT_CONVERSION = YES;
				CLANG_WARN_DIRECT_OBJC_ISA_USAGE = YES_ERROR;
				CLANG_WARN_DOCUMENTATION_COMMENTS = YES;
				CLANG_WARN_EMPTY_BODY = YES;
				CLANG_WARN_ENUM_CONVERSION = YES;
				CLANG_WARN_INFINITE_RECURSION = YES;
				CLANG_WARN_INT_CONVERSION = YES;
				CLANG_WARN_NON_LITERAL_NULL_CONVERSION = YES;
				CLANG_WARN_OBJC_LITERAL_CONVERSION = YES;
				CLANG_WARN_OBJC_ROOT_CLASS = YES_ERROR;
				CLANG_WARN_RANGE_LOOP_ANALYSIS = YES;
				CLANG_WARN_STRICT_PROTOTYPES = YES;
				CLANG_WARN_SUSPICIOUS_MOVE = YES;
				CLANG_WARN_UNGUARDED_AVAILABILITY = YES_AGGRESSIVE;
				CLANG_WARN_UNREACHABLE_CODE = YES;
				CLANG_WARN__DUPLICATE_METHOD_MATCH = YES;
				CODE_SIGN_IDENTITY = "iPhone Developer";
				COPY_PHASE_STRIP = NO;
				DEBUG_INFORMATION_FORMAT = "dwarf-with-dsym";
				ENABLE_NS_ASSERTIONS = NO;
				ENABLE_STRICT_OBJC_MSGSEND = YES;
				GCC_C_LANGUAGE_STANDARD = gnu11;
				GCC_NO_COMMON_BLOCKS = YES;
				GCC_WARN_64_TO_32_BIT_CONVERSION = YES;
				GCC_WARN_ABOUT_RETURN_TYPE = YES_ERROR;
				GCC_WARN_UNDECLARED_SELECTOR = YES;
				GCC_WARN_UNINITIALIZED_AUTOS = YES_AGGRESSIVE;
				GCC_WARN_UNUSED_FUNCTION = YES;
				GCC_WARN_UNUSED_VARIABLE = YES;
				IPHONEOS_DEPLOYMENT_TARGET = 11.2;
				MTL_ENABLE_DEBUG_INFO = NO;
				SDKROOT = iphoneos;
				SWIFT_OPTIMIZATION_LEVEL = "-Owholemodule";
				VALIDATE_PRODUCT = YES;
			};
			name = Release;
		};
		E960A0F5200ACF9600983ED1 /* Debug */ = {
			isa = XCBuildConfiguration;
			buildSettings = {
				ASSETCATALOG_COMPILER_APPICON_NAME = AppIcon;
				CODE_SIGN_STYLE = Automatic;
				DEVELOPMENT_TEAM = T9H898T724;
				INFOPLIST_FILE = "Dual Dialex/Info.plist";
				LD_RUNPATH_SEARCH_PATHS = "$(inherited) @executable_path/Frameworks";
				PRODUCT_BUNDLE_IDENTIFIER = "HNuss.Dual-Dialex";
				PRODUCT_NAME = "$(TARGET_NAME)";
				SWIFT_VERSION = 4.0;
				TARGETED_DEVICE_FAMILY = "1,2";
			};
			name = Debug;
		};
		E960A0F6200ACF9600983ED1 /* Release */ = {
			isa = XCBuildConfiguration;
			buildSettings = {
				ASSETCATALOG_COMPILER_APPICON_NAME = AppIcon;
				CODE_SIGN_STYLE = Automatic;
				DEVELOPMENT_TEAM = T9H898T724;
				INFOPLIST_FILE = "Dual Dialex/Info.plist";
				LD_RUNPATH_SEARCH_PATHS = "$(inherited) @executable_path/Frameworks";
				PRODUCT_BUNDLE_IDENTIFIER = "HNuss.Dual-Dialex";
				PRODUCT_NAME = "$(TARGET_NAME)";
				SWIFT_VERSION = 4.0;
				TARGETED_DEVICE_FAMILY = "1,2";
			};
			name = Release;
		};
		E960A0F8200ACF9600983ED1 /* Debug */ = {
			isa = XCBuildConfiguration;
			buildSettings = {
				ALWAYS_EMBED_SWIFT_STANDARD_LIBRARIES = YES;
				BUNDLE_LOADER = "$(TEST_HOST)";
				CODE_SIGN_STYLE = Automatic;
				DEVELOPMENT_TEAM = T9H898T724;
				INFOPLIST_FILE = "Dual DialexTests/Info.plist";
				LD_RUNPATH_SEARCH_PATHS = "$(inherited) @executable_path/Frameworks @loader_path/Frameworks";
				PRODUCT_BUNDLE_IDENTIFIER = "HNuss.Dual-DialexTests";
				PRODUCT_NAME = "$(TARGET_NAME)";
				SWIFT_VERSION = 4.0;
				TARGETED_DEVICE_FAMILY = "1,2";
				TEST_HOST = "$(BUILT_PRODUCTS_DIR)/Dual Dialex.app/Dual Dialex";
			};
			name = Debug;
		};
		E960A0F9200ACF9600983ED1 /* Release */ = {
			isa = XCBuildConfiguration;
			buildSettings = {
				ALWAYS_EMBED_SWIFT_STANDARD_LIBRARIES = YES;
				BUNDLE_LOADER = "$(TEST_HOST)";
				CODE_SIGN_STYLE = Automatic;
				DEVELOPMENT_TEAM = T9H898T724;
				INFOPLIST_FILE = "Dual DialexTests/Info.plist";
				LD_RUNPATH_SEARCH_PATHS = "$(inherited) @executable_path/Frameworks @loader_path/Frameworks";
				PRODUCT_BUNDLE_IDENTIFIER = "HNuss.Dual-DialexTests";
				PRODUCT_NAME = "$(TARGET_NAME)";
				SWIFT_VERSION = 4.0;
				TARGETED_DEVICE_FAMILY = "1,2";
				TEST_HOST = "$(BUILT_PRODUCTS_DIR)/Dual Dialex.app/Dual Dialex";
			};
			name = Release;
		};
		E960A0FB200ACF9600983ED1 /* Debug */ = {
			isa = XCBuildConfiguration;
			buildSettings = {
				ALWAYS_EMBED_SWIFT_STANDARD_LIBRARIES = YES;
				CODE_SIGN_STYLE = Automatic;
				DEVELOPMENT_TEAM = T9H898T724;
				INFOPLIST_FILE = "Dual DialexUITests/Info.plist";
				LD_RUNPATH_SEARCH_PATHS = "$(inherited) @executable_path/Frameworks @loader_path/Frameworks";
				PRODUCT_BUNDLE_IDENTIFIER = "HNuss.Dual-DialexUITests";
				PRODUCT_NAME = "$(TARGET_NAME)";
				SWIFT_VERSION = 4.0;
				TARGETED_DEVICE_FAMILY = "1,2";
				TEST_TARGET_NAME = "Dual Dialex";
			};
			name = Debug;
		};
		E960A0FC200ACF9600983ED1 /* Release */ = {
			isa = XCBuildConfiguration;
			buildSettings = {
				ALWAYS_EMBED_SWIFT_STANDARD_LIBRARIES = YES;
				CODE_SIGN_STYLE = Automatic;
				DEVELOPMENT_TEAM = T9H898T724;
				INFOPLIST_FILE = "Dual DialexUITests/Info.plist";
				LD_RUNPATH_SEARCH_PATHS = "$(inherited) @executable_path/Frameworks @loader_path/Frameworks";
				PRODUCT_BUNDLE_IDENTIFIER = "HNuss.Dual-DialexUITests";
				PRODUCT_NAME = "$(TARGET_NAME)";
				SWIFT_VERSION = 4.0;
				TARGETED_DEVICE_FAMILY = "1,2";
				TEST_TARGET_NAME = "Dual Dialex";
			};
			name = Release;
		};
/* End XCBuildConfiguration section */

/* Begin XCConfigurationList section */
		E960A0C7200ACF9500983ED1 /* Build configuration list for PBXProject "Dual Dialex" */ = {
			isa = XCConfigurationList;
			buildConfigurations = (
				E960A0F2200ACF9600983ED1 /* Debug */,
				E960A0F3200ACF9600983ED1 /* Release */,
			);
			defaultConfigurationIsVisible = 0;
			defaultConfigurationName = Release;
		};
		E960A0F4200ACF9600983ED1 /* Build configuration list for PBXNativeTarget "Dual Dialex" */ = {
			isa = XCConfigurationList;
			buildConfigurations = (
				E960A0F5200ACF9600983ED1 /* Debug */,
				E960A0F6200ACF9600983ED1 /* Release */,
			);
			defaultConfigurationIsVisible = 0;
			defaultConfigurationName = Release;
		};
		E960A0F7200ACF9600983ED1 /* Build configuration list for PBXNativeTarget "Dual DialexTests" */ = {
			isa = XCConfigurationList;
			buildConfigurations = (
				E960A0F8200ACF9600983ED1 /* Debug */,
				E960A0F9200ACF9600983ED1 /* Release */,
			);
			defaultConfigurationIsVisible = 0;
			defaultConfigurationName = Release;
		};
		E960A0FA200ACF9600983ED1 /* Build configuration list for PBXNativeTarget "Dual DialexUITests" */ = {
			isa = XCConfigurationList;
			buildConfigurations = (
				E960A0FB200ACF9600983ED1 /* Debug */,
				E960A0FC200ACF9600983ED1 /* Release */,
			);
			defaultConfigurationIsVisible = 0;
			defaultConfigurationName = Release;
		};
/* End XCConfigurationList section */
	};
	rootObject = E960A0C4200ACF9500983ED1 /* Project object */;
}
